<?xml version="1.0" encoding="utf-8"?>
<Project ToolsVersion="4.0" xmlns="http://schemas.microsoft.com/developer/msbuild/2003">
  <ItemGroup>
    <Filter Include="win32">
      <UniqueIdentifier>{84a8ebd7-7cf0-47f6-b75e-d441df67da40}</UniqueIdentifier>
    </Filter>
    <Filter Include="Classes">
      <UniqueIdentifier>{bb6c862e-70e9-49d9-81b7-3829a6f50471}</UniqueIdentifier>
    </Filter>
  </ItemGroup>
  <ItemGroup>
    <ClCompile Include="main.cpp">
      <Filter>win32</Filter>
    </ClCompile>
    <ClCompile Include="..\..\..\..\新建文件夹\AppDelegate.cpp">
      <Filter>Classes</Filter>
    </ClCompile>
    <ClCompile Include="..\..\..\..\新建文件夹\GameAboutScene.cpp">
      <Filter>Classes</Filter>
    </ClCompile>
    <ClCompile Include="..\..\..\..\新建文件夹\GameMainScene.cpp">
      <Filter>Classes</Filter>
    </ClCompile>
    <ClCompile Include="..\..\..\..\新建文件夹\GameMark.cpp">
      <Filter>Classes</Filter>
    </ClCompile>
    <ClCompile Include="..\..\..\..\新建文件夹\GameMenuScene.cpp">
      <Filter>Classes</Filter>
    </ClCompile>
    <ClCompile Include="..\..\..\..\新建文件夹\GameObjHero.cpp">
      <Filter>Classes</Filter>
    </ClCompile>
    <ClCompile Include="..\..\..\..\新建文件夹\GameObjMap.cpp">
      <Filter>Classes</Filter>
    </ClCompile>
    <ClCompile Include="..\..\..\..\新建文件夹\GameObjStar.cpp">
      <Filter>Classes</Filter>
    </ClCompile>
    <ClCompile Include="..\..\..\..\新建文件夹\HelloWorldScene.cpp">
      <Filter>Classes</Filter>
    </ClCompile>
  </ItemGroup>
  <ItemGroup>
    <ClInclude Include="main.h">
      <Filter>win32</Filter>
    </ClInclude>
    <ClInclude Include="..\..\..\..\新建文件夹\AppDelegate.h">
      <Filter>Classes</Filter>
    </ClInclude>
    <ClInclude Include="..\..\..\..\新建文件夹\GameAboutScene.h">
      <Filter>Classes</Filter>
    </ClInclude>
    <ClInclude Include="..\..\..\..\新建文件夹\GameConst.h">
      <Filter>Classes</Filter>
    </ClInclude>
    <ClInclude Include="..\..\..\..\新建文件夹\GameMainScene.h">
      <Filter>Classes</Filter>
    </ClInclude>
    <ClInclude Include="..\..\..\..\新建文件夹\GameMark.h">
      <Filter>Classes</Filter>
    </ClInclude>
    <ClInclude Include="..\..\..\..\新建文件夹\GameMenuScene.h">
      <Filter>Classes</Filter>
    </ClInclude>
    <ClInclude Include="..\..\..\..\新建文件夹\GameObjHero.h">
      <Filter>Classes</Filter>
    </ClInclude>
    <ClInclude Include="..\..\..\..\新建文件夹\GameObjMap.h">
      <Filter>Classes</Filter>
    </ClInclude>
    <ClInclude Include="..\..\..\..\新建文件夹\GameObjStar.h">
      <Filter>Classes</Filter>
    </ClInclude>
    <ClInclude Include="..\..\..\..\新建文件夹\HelloWorldScene.h">
      <Filter>Classes</Filter>
    </ClInclude>
  </ItemGroup>
</Project>